PODS:
  - HHKeyboard (0.2.0):
    - HHKeyboard/Face (= 0.2.0)
  - HHKeyboard/Face (0.2.0)

DEPENDENCIES:
  - HHKeyboard (from `../`)

EXTERNAL SOURCES:
  HHKeyboard:
    :path: "../"

SPEC CHECKSUMS:
  HHKeyboard: 27dc72c6364cd5d44eb12eee559a2de15f0eea91

PODFILE CHECKSUM: 73968a5dcc31f24a4ada4cdf88dffdb006c88307

COCOAPODS: 1.11.2
