// !$*UTF8*$!
{
	archiveVersion = 1;
	classes = {
	};
	objectVersion = 50;
	objects = {

/* Begin PBXBuildFile section */
		35CF75E02673C2B900F4ED47 /* AppDelegate.m in Sources */ = {isa = PBXBuildFile; fileRef = 35CF75DF2673C2B900F4ED47 /* AppDelegate.m */; };
		35CF75E32673C2B900F4ED47 /* SceneDelegate.m in Sources */ = {isa = PBXBuildFile; fileRef = 35CF75E22673C2B900F4ED47 /* SceneDelegate.m */; };
		35CF75E62673C2B900F4ED47 /* ViewController.m in Sources */ = {isa = PBXBuildFile; fileRef = 35CF75E52673C2B900F4ED47 /* ViewController.m */; };
		35CF75E92673C2B900F4ED47 /* Main.storyboard in Resources */ = {isa = PBXBuildFile; fileRef = 35CF75E72673C2B900F4ED47 /* Main.storyboard */; };
		35CF75EB2673C2BA00F4ED47 /* Assets.xcassets in Resources */ = {isa = PBXBuildFile; fileRef = 35CF75EA2673C2BA00F4ED47 /* Assets.xcassets */; };
		35CF75EE2673C2BA00F4ED47 /* LaunchScreen.storyboard in Resources */ = {isa = PBXBuildFile; fileRef = 35CF75EC2673C2BA00F4ED47 /* LaunchScreen.storyboard */; };
		35CF75F12673C2BA00F4ED47 /* main.m in Sources */ = {isa = PBXBuildFile; fileRef = 35CF75F02673C2BA00F4ED47 /* main.m */; };
/* End PBXBuildFile section */

/* Begin PBXFileReference section */
		35CF75DB2673C2B900F4ED47 /* HHKeyboard.app */ = {isa = PBXFileReference; explicitFileType = wrapper.application; includeInIndex = 0; path = HHKeyboard.app; sourceTree = BUILT_PRODUCTS_DIR; };
		35CF75DE2673C2B900F4ED47 /* AppDelegate.h */ = {isa = PBXFileReference; lastKnownFileType = sourcecode.c.h; path = AppDelegate.h; sourceTree = "<group>"; };
		35CF75DF2673C2B900F4ED47 /* AppDelegate.m */ = {isa = PBXFileReference; lastKnownFileType = sourcecode.c.objc; path = AppDelegate.m; sourceTree = "<group>"; };
		35CF75E12673C2B900F4ED47 /* SceneDelegate.h */ = {isa = PBXFileReference; lastKnownFileType = sourcecode.c.h; path = SceneDelegate.h; sourceTree = "<group>"; };
		35CF75E22673C2B900F4ED47 /* SceneDelegate.m */ = {isa = PBXFileReference; lastKnownFileType = sourcecode.c.objc; path = SceneDelegate.m; sourceTree = "<group>"; };
		35CF75E42673C2B900F4ED47 /* ViewController.h */ = {isa = PBXFileReference; lastKnownFileType = sourcecode.c.h; path = ViewController.h; sourceTree = "<group>"; };
		35CF75E52673C2B900F4ED47 /* ViewController.m */ = {isa = PBXFileReference; lastKnownFileType = sourcecode.c.objc; path = ViewController.m; sourceTree = "<group>"; };
		35CF75E82673C2B900F4ED47 /* Base */ = {isa = PBXFileReference; lastKnownFileType = file.storyboard; name = Base; path = Base.lproj/Main.storyboard; sourceTree = "<group>"; };
		35CF75EA2673C2BA00F4ED47 /* Assets.xcassets */ = {isa = PBXFileReference; lastKnownFileType = folder.assetcatalog; path = Assets.xcassets; sourceTree = "<group>"; };
		35CF75ED2673C2BA00F4ED47 /* Base */ = {isa = PBXFileReference; lastKnownFileType = file.storyboard; name = Base; path = Base.lproj/LaunchScreen.storyboard; sourceTree = "<group>"; };
		35CF75EF2673C2BA00F4ED47 /* Info.plist */ = {isa = PBXFileReference; lastKnownFileType = text.plist.xml; path = Info.plist; sourceTree = "<group>"; };
		35CF75F02673C2BA00F4ED47 /* main.m */ = {isa = PBXFileReference; lastKnownFileType = sourcecode.c.objc; path = main.m; sourceTree = "<group>"; };
/* End PBXFileReference section */

/* Begin PBXFrameworksBuildPhase section */
		35CF75D82673C2B900F4ED47 /* Frameworks */ = {
			isa = PBXFrameworksBuildPhase;
			buildActionMask = 2147483647;
			files = (
			);
			runOnlyForDeploymentPostprocessing = 0;
		};
/* End PBXFrameworksBuildPhase section */

/* Begin PBXGroup section */
		35CF75D22673C2B900F4ED47 = {
			isa = PBXGroup;
			children = (
				35CF75DD2673C2B900F4ED47 /* HHKeyboard */,
				35CF75DC2673C2B900F4ED47 /* Products */,
			);
			sourceTree = "<group>";
		};
		35CF75DC2673C2B900F4ED47 /* Products */ = {
			isa = PBXGroup;
			children = (
				35CF75DB2673C2B900F4ED47 /* HHKeyboard.app */,
			);
			name = Products;
			sourceTree = "<group>";
		};
		35CF75DD2673C2B900F4ED47 /* HHKeyboard */ = {
			isa = PBXGroup;
			children = (
				35CF75DE2673C2B900F4ED47 /* AppDelegate.h */,
				35CF75DF2673C2B900F4ED47 /* AppDelegate.m */,
				35CF75E12673C2B900F4ED47 /* SceneDelegate.h */,
				35CF75E22673C2B900F4ED47 /* SceneDelegate.m */,
				35CF75E42673C2B900F4ED47 /* ViewController.h */,
				35CF75E52673C2B900F4ED47 /* ViewController.m */,
				35CF75E72673C2B900F4ED47 /* Main.storyboard */,
				35CF75EA2673C2BA00F4ED47 /* Assets.xcassets */,
				35CF75EC2673C2BA00F4ED47 /* LaunchScreen.storyboard */,
				35CF75EF2673C2BA00F4ED47 /* Info.plist */,
				35CF75F02673C2BA00F4ED47 /* main.m */,
			);
			path = HHKeyboard;
			sourceTree = "<group>";
		};
/* End PBXGroup section */

/* Begin PBXNativeTarget section */
		35CF75DA2673C2B900F4ED47 /* HHKeyboard */ = {
			isa = PBXNativeTarget;
			buildConfigurationList = 35CF75F42673C2BA00F4ED47 /* Build configuration list for PBXNativeTarget "HHKeyboard" */;
			buildPhases = (
				35CF75D72673C2B900F4ED47 /* Sources */,
				35CF75D82673C2B900F4ED47 /* Frameworks */,
				35CF75D92673C2B900F4ED47 /* Resources */,
			);
			buildRules = (
			);
			dependencies = (
			);
			name = HHKeyboard;
			productName = HHKeyboard;
			productReference = 35CF75DB2673C2B900F4ED47 /* HHKeyboard.app */;
			productType = "com.apple.product-type.application";
		};
/* End PBXNativeTarget section */

/* Begin PBXProject section */
		35CF75D32673C2B900F4ED47 /* Project object */ = {
			isa = PBXProject;
			attributes = {
				LastUpgradeCheck = 1250;
				TargetAttributes = {
					35CF75DA2673C2B900F4ED47 = {
						CreatedOnToolsVersion = 12.5;
					};
				};
			};
			buildConfigurationList = 35CF75D62673C2B900F4ED47 /* Build configuration list for PBXProject "HHKeyboard" */;
			compatibilityVersion = "Xcode 9.3";
			developmentRegion = en;
			hasScannedForEncodings = 0;
			knownRegions = (
				en,
				Base,
			);
			mainGroup = 35CF75D22673C2B900F4ED47;
			productRefGroup = 35CF75DC2673C2B900F4ED47 /* Products */;
			projectDirPath = "";
			projectRoot = "";
			targets = (
				35CF75DA2673C2B900F4ED47 /* HHKeyboard */,
			);
		};
/* End PBXProject section */

/* Begin PBXResourcesBuildPhase section */
		35CF75D92673C2B900F4ED47 /* Resources */ = {
			isa = PBXResourcesBuildPhase;
			buildActionMask = 2147483647;
			files = (
				35CF75EE2673C2BA00F4ED47 /* LaunchScreen.storyboard in Resources */,
				35CF75EB2673C2BA00F4ED47 /* Assets.xcassets in Resources */,
				35CF75E92673C2B900F4ED47 /* Main.storyboard in Resources */,
			);
			runOnlyForDeploymentPostprocessing = 0;
		};
/* End PBXResourcesBuildPhase section */

/* Begin PBXSourcesBuildPhase section */
		35CF75D72673C2B900F4ED47 /* Sources */ = {
			isa = PBXSourcesBuildPhase;
			buildActionMask = 2147483647;
			files = (
				35CF75E62673C2B900F4ED47 /* ViewController.m in Sources */,
				35CF75E02673C2B900F4ED47 /* AppDelegate.m in Sources */,
				35CF75F12673C2BA00F4ED47 /* main.m in Sources */,
				35CF75E32673C2B900F4ED47 /* SceneDelegate.m in Sources */,
			);
			runOnlyForDeploymentPostprocessing = 0;
		};
/* End PBXSourcesBuildPhase section */

/* Begin PBXVariantGroup section */
		35CF75E72673C2B900F4ED47 /* Main.storyboard */ = {
			isa = PBXVariantGroup;
			children = (
				35CF75E82673C2B900F4ED47 /* Base */,
			);
			name = Main.storyboard;
			sourceTree = "<group>";
		};
		35CF75EC2673C2BA00F4ED47 /* LaunchScreen.storyboard */ = {
			isa = PBXVariantGroup;
			children = (
				35CF75ED2673C2BA00F4ED47 /* Base */,
			);
			name = LaunchScreen.storyboard;
			sourceTree = "<group>";
		};
/* End PBXVariantGroup section */

/* Begin XCBuildConfiguration section */
		35CF75F22673C2BA00F4ED47 /* Debug */ = {
			isa = XCBuildConfiguration;
			buildSettings = {
				ALWAYS_SEARCH_USER_PATHS = NO;
				CLANG_ANALYZER_NONNULL = YES;
				CLANG_ANALYZER_NUMBER_OBJECT_CONVERSION = YES_AGGRESSIVE;
				CLANG_CXX_LANGUAGE_STANDARD = "gnu++14";
				CLANG_CXX_LIBRARY = "libc++";
				CLANG_ENABLE_MODULES = YES;
				CLANG_ENABLE_OBJC_ARC = YES;
				CLANG_ENABLE_OBJC_WEAK = YES;
				CLANG_WARN_BLOCK_CAPTURE_AUTORELEASING = YES;
				CLANG_WARN_BOOL_CONVERSION = YES;
				CLANG_WARN_COMMA = YES;
				CLANG_WARN_CONSTANT_CONVERSION = YES;
				CLANG_WARN_DEPRECATED_OBJC_IMPLEMENTATIONS = YES;
				CLANG_WARN_DIRECT_OBJC_ISA_USAGE = YES_ERROR;
				CLANG_WARN_DOCUMENTATION_COMMENTS = YES;
				CLANG_WARN_EMPTY_BODY = YES;
				CLANG_WARN_ENUM_CONVERSION = YES;
				CLANG_WARN_INFINITE_RECURSION = YES;
				CLANG_WARN_INT_CONVERSION = YES;
				CLANG_WARN_NON_LITERAL_NULL_CONVERSION = YES;
				CLANG_WARN_OBJC_IMPLICIT_RETAIN_SELF = YES;
				CLANG_WARN_OBJC_LITERAL_CONVERSION = YES;
				CLANG_WARN_OBJC_ROOT_CLASS = YES_ERROR;
				CLANG_WARN_QUOTED_INCLUDE_IN_FRAMEWORK_HEADER = YES;
				CLANG_WARN_RANGE_LOOP_ANALYSIS = YES;
				CLANG_WARN_STRICT_PROTOTYPES = YES;
				CLANG_WARN_SUSPICIOUS_MOVE = YES;
				CLANG_WARN_UNGUARDED_AVAILABILITY = YES_AGGRESSIVE;
				CLANG_WARN_UNREACHABLE_CODE = YES;
				CLANG_WARN__DUPLICATE_METHOD_MATCH = YES;
				COPY_PHASE_STRIP = NO;
				DEBUG_INFORMATION_FORMAT = dwarf;
				ENABLE_STRICT_OBJC_MSGSEND = YES;
				ENABLE_TESTABILITY = YES;
				GCC_C_LANGUAGE_STANDARD = gnu11;
				GCC_DYNAMIC_NO_PIC = NO;
				GCC_NO_COMMON_BLOCKS = YES;
				GCC_OPTIMIZATION_LEVEL = 0;
				GCC_PREPROCESSOR_DEFINITIONS = (
					"DEBUG=1",
					"$(inherited)",
				);
				GCC_WARN_64_TO_32_BIT_CONVERSION = YES;
				GCC_WARN_ABOUT_RETURN_TYPE = YES_ERROR;
				GCC_WARN_UNDECLARED_SELECTOR = YES;
				GCC_WARN_UNINITIALIZED_AUTOS = YES_AGGRESSIVE;
				GCC_WARN_UNUSED_FUNCTION = YES;
				GCC_WARN_UNUSED_VARIABLE = YES;
				IPHONEOS_DEPLOYMENT_TARGET = 14.5;
				MTL_ENABLE_DEBUG_INFO = INCLUDE_SOURCE;
				MTL_FAST_MATH = YES;
				ONLY_ACTIVE_ARCH = YES;
				SDKROOT = iphoneos;
			};
			name = Debug;
		};
		35CF75F32673C2BA00F4ED47 /* Release */ = {
			isa = XCBuildConfiguration;
			buildSettings = {
				ALWAYS_SEARCH_USER_PATHS = NO;
				CLANG_ANALYZER_NONNULL = YES;
				CLANG_ANALYZER_NUMBER_OBJECT_CONVERSION = YES_AGGRESSIVE;
				CLANG_CXX_LANGUAGE_STANDARD = "gnu++14";
				CLANG_CXX_LIBRARY = "libc++";
				CLANG_ENABLE_MODULES = YES;
				CLANG_ENABLE_OBJC_ARC = YES;
				CLANG_ENABLE_OBJC_WEAK = YES;
				CLANG_WARN_BLOCK_CAPTURE_AUTORELEASING = YES;
				CLANG_WARN_BOOL_CONVERSION = YES;
				CLANG_WARN_COMMA = YES;
				CLANG_WARN_CONSTANT_CONVERSION = YES;
				CLANG_WARN_DEPRECATED_OBJC_IMPLEMENTATIONS = YES;
				CLANG_WARN_DIRECT_OBJC_ISA_USAGE = YES_ERROR;
				CLANG_WARN_DOCUMENTATION_COMMENTS = YES;
				CLANG_WARN_EMPTY_BODY = YES;
				CLANG_WARN_ENUM_CONVERSION = YES;
				CLANG_WARN_INFINITE_RECURSION = YES;
				CLANG_WARN_INT_CONVERSION = YES;
				CLANG_WARN_NON_LITERAL_NULL_CONVERSION = YES;
				CLANG_WARN_OBJC_IMPLICIT_RETAIN_SELF = YES;
				CLANG_WARN_OBJC_LITERAL_CONVERSION = YES;
				CLANG_WARN_OBJC_ROOT_CLASS = YES_ERROR;
				CLANG_WARN_QUOTED_INCLUDE_IN_FRAMEWORK_HEADER = YES;
				CLANG_WARN_RANGE_LOOP_ANALYSIS = YES;
				CLANG_WARN_STRICT_PROTOTYPES = YES;
				CLANG_WARN_SUSPICIOUS_MOVE = YES;
				CLANG_WARN_UNGUARDED_AVAILABILITY = YES_AGGRESSIVE;
				CLANG_WARN_UNREACHABLE_CODE = YES;
				CLANG_WARN__DUPLICATE_METHOD_MATCH = YES;
				COPY_PHASE_STRIP = NO;
				DEBUG_INFORMATION_FORMAT = "dwarf-with-dsym";
				ENABLE_NS_ASSERTIONS = NO;
				ENABLE_STRICT_OBJC_MSGSEND = YES;
				GCC_C_LANGUAGE_STANDARD = gnu11;
				GCC_NO_COMMON_BLOCKS = YES;
				GCC_WARN_64_TO_32_BIT_CONVERSION = YES;
				GCC_WARN_ABOUT_RETURN_TYPE = YES_ERROR;
				GCC_WARN_UNDECLARED_SELECTOR = YES;
				GCC_WARN_UNINITIALIZED_AUTOS = YES_AGGRESSIVE;
				GCC_WARN_UNUSED_FUNCTION = YES;
				GCC_WARN_UNUSED_VARIABLE = YES;
				IPHONEOS_DEPLOYMENT_TARGET = 14.5;
				MTL_ENABLE_DEBUG_INFO = NO;
				MTL_FAST_MATH = YES;
				SDKROOT = iphoneos;
				VALIDATE_PRODUCT = YES;
			};
			name = Release;
		};
		35CF75F52673C2BA00F4ED47 /* Debug */ = {
			isa = XCBuildConfiguration;
			buildSettings = {
				ASSETCATALOG_COMPILER_APPICON_NAME = AppIcon;
				ASSETCATALOG_COMPILER_GLOBAL_ACCENT_COLOR_NAME = AccentColor;
				CODE_SIGN_STYLE = Automatic;
				INFOPLIST_FILE = HHKeyboard/Info.plist;
				LD_RUNPATH_SEARCH_PATHS = (
					"$(inherited)",
					"@executable_path/Frameworks",
				);
				PRODUCT_BUNDLE_IDENTIFIER = com.henry.HHKeyboard;
				PRODUCT_NAME = "$(TARGET_NAME)";
				TARGETED_DEVICE_FAMILY = "1,2";
			};
			name = Debug;
		};
		35CF75F62673C2BA00F4ED47 /* Release */ = {
			isa = XCBuildConfiguration;
			buildSettings = {
				ASSETCATALOG_COMPILER_APPICON_NAME = AppIcon;
				ASSETCATALOG_COMPILER_GLOBAL_ACCENT_COLOR_NAME = AccentColor;
				CODE_SIGN_STYLE = Automatic;
				INFOPLIST_FILE = HHKeyboard/Info.plist;
				LD_RUNPATH_SEARCH_PATHS = (
					"$(inherited)",
					"@executable_path/Frameworks",
				);
				PRODUCT_BUNDLE_IDENTIFIER = com.henry.HHKeyboard;
				PRODUCT_NAME = "$(TARGET_NAME)";
				TARGETED_DEVICE_FAMILY = "1,2";
			};
			name = Release;
		};
/* End XCBuildConfiguration section */

/* Begin XCConfigurationList section */
		35CF75D62673C2B900F4ED47 /* Build configuration list for PBXProject "HHKeyboard" */ = {
			isa = XCConfigurationList;
			buildConfigurations = (
				35CF75F22673C2BA00F4ED47 /* Debug */,
				35CF75F32673C2BA00F4ED47 /* Release */,
			);
			defaultConfigurationIsVisible = 0;
			defaultConfigurationName = Release;
		};
		35CF75F42673C2BA00F4ED47 /* Build configuration list for PBXNativeTarget "HHKeyboard" */ = {
			isa = XCConfigurationList;
			buildConfigurations = (
				35CF75F52673C2BA00F4ED47 /* Debug */,
				35CF75F62673C2BA00F4ED47 /* Release */,
			);
			defaultConfigurationIsVisible = 0;
			defaultConfigurationName = Release;
		};
/* End XCConfigurationList section */
	};
	rootObject = 35CF75D32673C2B900F4ED47 /* Project object */;
}
